
Microsoft Visual Studio Solution File, Format Version 12.00
# Visual Studio Version 17
VisualStudioVersion = 17.4.33213.308
MinimumVisualStudioVersion = 10.0.40219.1
Project("{FAE04EC0-301F-11D3-BF4B-00C04F79EFBC}") = "Problema6", "Problema6\Problema6.csproj", "{104583F4-C6E8-44D6-9DAD-D404BA562C05}"
EndProject
Global
	GlobalSection(SolutionConfigurationPlatforms) = preSolution
		Debug|Any CPU = Debug|Any CPU
		Release|Any CPU = Release|Any CPU
	EndGlobalSection
	GlobalSection(ProjectConfigurationPlatforms) = postSolution
		{104583F4-C6E8-44D6-9DAD-D404BA562C05}.Debug|Any CPU.ActiveCfg = Debug|Any CPU
		{104583F4-C6E8-44D6-9DAD-D404BA562C05}.Debug|Any CPU.Build.0 = Debug|Any CPU
		{104583F4-C6E8-44D6-9DAD-D404BA562C05}.Release|Any CPU.ActiveCfg = Release|Any CPU
		{104583F4-C6E8-44D6-9DAD-D404BA562C05}.Release|Any CPU.Build.0 = Release|Any CPU
	EndGlobalSection
	GlobalSection(SolutionProperties) = preSolution
		HideSolutionNode = FALSE
	EndGlobalSection
	GlobalSection(ExtensibilityGlobals) = postSolution
		SolutionGuid = {3CB51FB6-07E6-41C2-AF63-8CD91B452F7C}
	EndGlobalSection
EndGlobal
