
Microsoft Visual Studio Solution File, Format Version 12.00
Project("{FAE04EC0-301F-11D3-BF4B-00C04F79EFBC}") = "multiplos_8", "multiplos_8\multiplos_8.csproj", "{1B417D48-8690-42EF-B03A-1866E653B996}"
EndProject
Global
	GlobalSection(SolutionConfigurationPlatforms) = preSolution
		Debug|Any CPU = Debug|Any CPU
		Release|Any CPU = Release|Any CPU
	EndGlobalSection
	GlobalSection(ProjectConfigurationPlatforms) = postSolution
		{1B417D48-8690-42EF-B03A-1866E653B996}.Debug|Any CPU.ActiveCfg = Debug|Any CPU
		{1B417D48-8690-42EF-B03A-1866E653B996}.Debug|Any CPU.Build.0 = Debug|Any CPU
		{1B417D48-8690-42EF-B03A-1866E653B996}.Release|Any CPU.ActiveCfg = Release|Any CPU
		{1B417D48-8690-42EF-B03A-1866E653B996}.Release|Any CPU.Build.0 = Release|Any CPU
	EndGlobalSection
EndGlobal
