
Microsoft Visual Studio Solution File, Format Version 12.00
Project("{FAE04EC0-301F-11D3-BF4B-00C04F79EFBC}") = "countPares", "countPares\countPares.csproj", "{AB1105EE-0934-4B68-B509-BD7693803565}"
EndProject
Global
	GlobalSection(SolutionConfigurationPlatforms) = preSolution
		Debug|Any CPU = Debug|Any CPU
		Release|Any CPU = Release|Any CPU
	EndGlobalSection
	GlobalSection(ProjectConfigurationPlatforms) = postSolution
		{AB1105EE-0934-4B68-B509-BD7693803565}.Debug|Any CPU.ActiveCfg = Debug|Any CPU
		{AB1105EE-0934-4B68-B509-BD7693803565}.Debug|Any CPU.Build.0 = Debug|Any CPU
		{AB1105EE-0934-4B68-B509-BD7693803565}.Release|Any CPU.ActiveCfg = Release|Any CPU
		{AB1105EE-0934-4B68-B509-BD7693803565}.Release|Any CPU.Build.0 = Release|Any CPU
	EndGlobalSection
EndGlobal
